<Solution>
  <Folder Name="/Task0/">
    <Project Path="Tyuiu.BedenkoAN.Sprint0.Task0.V0/Tyuiu.BedenkoAN.Sprint0.Task0.V0.csproj" Id="aaf7b162-809a-4aed-8998-726092118089" />
  </Folder>
  <Folder Name="/Task1/">
    <Project Path="Tyuiu.BedenkoAN.Sprint0.Task1.V0/Tyuiu.BedenkoAN.Sprint0.Task1.V0.csproj" />
  </Folder>
  <Folder Name="/Task2/">
    <Project Path="Tyuiu.BedenkoAN.sprint0.Task2.V0.Test/Tyuiu.BedenkoAN.sprint0.Task2.V0.Test.csproj" Id="b172ee2c-5b9c-4ea6-af4e-9da0438091c1" />
    <Project Path="Tyuiu.BedenkoAN.Sprint0.Task2.V0/Tyuiu.BedenkoAN.Sprint0.Task2.V0.csproj" Id="97795084-a9cc-488a-a57d-8ee83676e3be" />
    <Project Path="Tyuiu.BedenkoAN.Sprint0.V0.Lib/Tyuiu.BedenkoAN.Sprint0.V0.Lib.csproj" Id="a3a9362f-55a9-4661-b521-e64f80b1e739" />
  </Folder>
  <Folder Name="/Task3/">
    <Project Path="Tyuiu.BedenkoAN.Sprint0.Task3.V0.Lib/Tyuiu.BedenkoAN.Sprint0.Task3.V0.Lib.csproj" Id="028d4ceb-3dfd-409c-b023-4fc892b092d8" />
    <Project Path="Tyuiu.BedenkoAN.Sprint0.Task3.V0.Test/Tyuiu.BedenkoAN.Sprint0.Task3.V0.Test.csproj" Id="ed2a0ecd-c5df-4a12-aef7-595ce7e9a7b9" />
    <Project Path="Tyuiu.BedenkoAN.Sprint0.Task3.V0/Tyuiu.BedenkoAN.Sprint0.Task3.V0.csproj" Id="81871e7f-ac91-4f29-a528-7b51ce96ca69" />
  </Folder>
  <Folder Name="/Task4/">
    <Project Path="Tyuiu.BedenkoAN.Sprint0.Task4.V0.Lib/Tyuiu.BedenkoAN.Sprint0.Task4.V0.Lib.csproj" Id="588b9c9e-10cb-42b8-a22e-2fbca4b34182" />
    <Project Path="Tyuiu.BedenkoAN.Sprint0.Task4.V0.Test/Tyuiu.BedenkoAN.Sprint0.Task4.V0.Test.csproj" Id="ff13f65b-7aed-4702-a441-0b03d1f8401a" />
    <Project Path="Tyuiu.BedenkoAN.Sprint0.Task4.V0/Tyuiu.BedenkoAN.Sprint0.Task4.V0.csproj" Id="db6b9d04-c6ab-4adb-87ba-0016b0ade6c3" />
  </Folder>
  <Folder Name="/Task5/">
    <Project Path="Tyuiu.BedenkoAN.Sprint0.Task5.V0.Lib/Tyuiu.BedenkoAN.Sprint0.Task5.V0.Lib.csproj" Id="a6df7522-8d04-45ce-aa61-1d195a55e48d" />
    <Project Path="Tyuiu.BedenkoAN.Sprint0.Task5.V0.Test/Tyuiu.BedenkoAN.Sprint0.Task5.V0.Test.csproj" Id="1323117e-e4bf-46e9-99af-56a11ae2e91e" />
    <Project Path="Tyuiu.BedenkoAN.Sprint0.Task5.V0/Tyuiu.BedenkoAN.Sprint0.Task5.V0.csproj" Id="7ed128ba-6afb-498d-8e64-07fffb2e9739" />
  </Folder>
  <Folder Name="/Task6/">
    <Project Path="Tyuiu.BedenkoAN.Sprint0.Task6.V0.Lib/Tyuiu.BedenkoAN.Sprint0.Task6.V0.Lib.csproj" Id="869e9c48-a589-42b1-bf76-0a8585729feb" />
    <Project Path="Tyuiu.BedenkoAN.Sprint0.Task6.V0.Test/Tyuiu.BedenkoAN.Sprint0.Task6.V0.Test.csproj" Id="9987191e-672a-4841-a077-6631dd975733" />
    <Project Path="Tyuiu.BedenkoAN.Sprint0.Task6.V0/Tyuiu.BedenkoAN.Sprint0.Task6.V0.csproj" Id="f778bc5c-bb3f-4361-a323-54392c423fcb" />
  </Folder>
  <Folder Name="/Task7/">
    <Project Path="Tyuiu.BedenkoAN.Sprint0.Task7.V0.Lib/Tyuiu.BedenkoAN.Sprint0.Task7.V0.Lib.csproj" Id="6707de10-983d-4ba9-83c1-6ec6f61fecd4" />
    <Project Path="Tyuiu.BedenkoAN.Sprint0.Task7.V0.Test/Tyuiu.BedenkoAN.Sprint0.Task7.V0.Test.csproj" Id="26dbdf42-d5c4-4109-b2c4-0fc58b6a81fe" />
    <Project Path="Tyuiu.BedenkoAN.Sprint0.Task7.V0/Tyuiu.BedenkoAN.Sprint0.Task7.V0.csproj" Id="d7785b81-0053-4759-90a6-b9126788cc5b" />
  </Folder>
</Solution>
